
Microsoft Visual Studio Solution File, Format Version 12.00
# Visual Studio Version 16
VisualStudioVersion = 16.0.31005.135
MinimumVisualStudioVersion = 10.0.40219.1
Project("{8BC9CEB8-8B4A-11D0-8D11-00A0C91BC942}") = "Win32Service", "Win32Service\Win32Service.vcxproj", "{6DE6B74E-0112-4878-A2FF-EF5E2D3F22DD}"
EndProject
Project("{8BC9CEB8-8B4A-11D0-8D11-00A0C91BC942}") = "SimpleTest", "SimpleTest\SimpleTest.vcxproj", "{80F5F2E5-8BFE-44C0-89D1-05E519364A4B}"
EndProject
Global
	GlobalSection(SolutionConfigurationPlatforms) = preSolution
		Debug|x64 = Debug|x64
		Debug|x86 = Debug|x86
		Release|x64 = Release|x64
		Release|x86 = Release|x86
	EndGlobalSection
	GlobalSection(ProjectConfigurationPlatforms) = postSolution
		{6DE6B74E-0112-4878-A2FF-EF5E2D3F22DD}.Debug|x64.ActiveCfg = Debug|x64
		{6DE6B74E-0112-4878-A2FF-EF5E2D3F22DD}.Debug|x64.Build.0 = Debug|x64
		{6DE6B74E-0112-4878-A2FF-EF5E2D3F22DD}.Debug|x86.ActiveCfg = Debug|Win32
		{6DE6B74E-0112-4878-A2FF-EF5E2D3F22DD}.Debug|x86.Build.0 = Debug|Win32
		{6DE6B74E-0112-4878-A2FF-EF5E2D3F22DD}.Release|x64.ActiveCfg = Release|x64
		{6DE6B74E-0112-4878-A2FF-EF5E2D3F22DD}.Release|x64.Build.0 = Release|x64
		{6DE6B74E-0112-4878-A2FF-EF5E2D3F22DD}.Release|x86.ActiveCfg = Release|Win32
		{6DE6B74E-0112-4878-A2FF-EF5E2D3F22DD}.Release|x86.Build.0 = Release|Win32
		{80F5F2E5-8BFE-44C0-89D1-05E519364A4B}.Debug|x64.ActiveCfg = Debug|x64
		{80F5F2E5-8BFE-44C0-89D1-05E519364A4B}.Debug|x64.Build.0 = Debug|x64
		{80F5F2E5-8BFE-44C0-89D1-05E519364A4B}.Debug|x86.ActiveCfg = Debug|Win32
		{80F5F2E5-8BFE-44C0-89D1-05E519364A4B}.Debug|x86.Build.0 = Debug|Win32
		{80F5F2E5-8BFE-44C0-89D1-05E519364A4B}.Release|x64.ActiveCfg = Release|x64
		{80F5F2E5-8BFE-44C0-89D1-05E519364A4B}.Release|x64.Build.0 = Release|x64
		{80F5F2E5-8BFE-44C0-89D1-05E519364A4B}.Release|x86.ActiveCfg = Release|Win32
		{80F5F2E5-8BFE-44C0-89D1-05E519364A4B}.Release|x86.Build.0 = Release|Win32
	EndGlobalSection
	GlobalSection(SolutionProperties) = preSolution
		HideSolutionNode = FALSE
	EndGlobalSection
	GlobalSection(ExtensibilityGlobals) = postSolution
		SolutionGuid = {344BEA51-338E-4868-8D78-6697414D44FA}
	EndGlobalSection
EndGlobal
